
Microsoft Visual Studio Solution File, Format Version 12.00
# Visual Studio Version 17
VisualStudioVersion = 17.12.35521.163
MinimumVisualStudioVersion = 10.0.40219.1
Project("{FAE04EC0-301F-11D3-BF4B-00C04F79EFBC}") = "ZuperZWXDrawingSystem", "ZuperZWXDrawingSystem\ZuperZWXDrawingSystem.csproj", "{F7550694-254D-4D18-9777-E06D4E8A8119}"
EndProject
Project("{FAE04EC0-301F-11D3-BF4B-00C04F79EFBC}") = "ZuperZWXDrawingSystemBackend", "ZuperZWXDrawingSystemBackend\ZuperZWXDrawingSystemBackend.csproj", "{46349D6A-5064-43AA-B3B9-D3F42774393D}"
EndProject
Project("{FAE04EC0-301F-11D3-BF4B-00C04F79EFBC}") = "FormatReader", "FormatReader\FormatReader.csproj", "{E441A0FD-C377-44B9-911F-B0CA97E4A938}"
EndProject
Global
	GlobalSection(SolutionConfigurationPlatforms) = preSolution
		Debug|Any CPU = Debug|Any CPU
		Release|Any CPU = Release|Any CPU
	EndGlobalSection
	GlobalSection(ProjectConfigurationPlatforms) = postSolution
		{F7550694-254D-4D18-9777-E06D4E8A8119}.Debug|Any CPU.ActiveCfg = Debug|Any CPU
		{F7550694-254D-4D18-9777-E06D4E8A8119}.Debug|Any CPU.Build.0 = Debug|Any CPU
		{F7550694-254D-4D18-9777-E06D4E8A8119}.Release|Any CPU.ActiveCfg = Release|Any CPU
		{F7550694-254D-4D18-9777-E06D4E8A8119}.Release|Any CPU.Build.0 = Release|Any CPU
		{46349D6A-5064-43AA-B3B9-D3F42774393D}.Debug|Any CPU.ActiveCfg = Debug|Any CPU
		{46349D6A-5064-43AA-B3B9-D3F42774393D}.Debug|Any CPU.Build.0 = Debug|Any CPU
		{46349D6A-5064-43AA-B3B9-D3F42774393D}.Release|Any CPU.ActiveCfg = Release|Any CPU
		{46349D6A-5064-43AA-B3B9-D3F42774393D}.Release|Any CPU.Build.0 = Release|Any CPU
		{E441A0FD-C377-44B9-911F-B0CA97E4A938}.Debug|Any CPU.ActiveCfg = Debug|Any CPU
		{E441A0FD-C377-44B9-911F-B0CA97E4A938}.Debug|Any CPU.Build.0 = Debug|Any CPU
		{E441A0FD-C377-44B9-911F-B0CA97E4A938}.Release|Any CPU.ActiveCfg = Release|Any CPU
		{E441A0FD-C377-44B9-911F-B0CA97E4A938}.Release|Any CPU.Build.0 = Release|Any CPU
	EndGlobalSection
	GlobalSection(SolutionProperties) = preSolution
		HideSolutionNode = FALSE
	EndGlobalSection
EndGlobal
